
Microsoft Visual Studio Solution File, Format Version 12.00
# Visual Studio 14
VisualStudioVersion = 14.0.25420.1
MinimumVisualStudioVersion = 10.0.40219.1
Project("{FAE04EC0-301F-11D3-BF4B-00C04F79EFBC}") = "Haushaltsbuch", "Haushaltsbuch\Haushaltsbuch.csproj", "{3072C1B8-8A5E-45C9-A52D-2FF8803E13B0}"
EndProject
Project("{FAE04EC0-301F-11D3-BF4B-00C04F79EFBC}") = "HaushaltsbuchTest", "HaushaltsbuchTest\HaushaltsbuchTest.csproj", "{50FB812A-1B1F-4A85-909E-CAAC1E7EAB5F}"
EndProject
Project("{FAE04EC0-301F-11D3-BF4B-00C04F79EFBC}") = "DataCreator", "DataCreator\DataCreator.csproj", "{2F0268AC-6886-4E08-A645-834D37CC5BB6}"
EndProject
Global
	GlobalSection(SolutionConfigurationPlatforms) = preSolution
		Debug|Any CPU = Debug|Any CPU
		Release|Any CPU = Release|Any CPU
	EndGlobalSection
	GlobalSection(ProjectConfigurationPlatforms) = postSolution
		{3072C1B8-8A5E-45C9-A52D-2FF8803E13B0}.Debug|Any CPU.ActiveCfg = Debug|Any CPU
		{3072C1B8-8A5E-45C9-A52D-2FF8803E13B0}.Debug|Any CPU.Build.0 = Debug|Any CPU
		{3072C1B8-8A5E-45C9-A52D-2FF8803E13B0}.Release|Any CPU.ActiveCfg = Release|Any CPU
		{3072C1B8-8A5E-45C9-A52D-2FF8803E13B0}.Release|Any CPU.Build.0 = Release|Any CPU
		{50FB812A-1B1F-4A85-909E-CAAC1E7EAB5F}.Debug|Any CPU.ActiveCfg = Debug|Any CPU
		{50FB812A-1B1F-4A85-909E-CAAC1E7EAB5F}.Debug|Any CPU.Build.0 = Debug|Any CPU
		{50FB812A-1B1F-4A85-909E-CAAC1E7EAB5F}.Release|Any CPU.ActiveCfg = Release|Any CPU
		{50FB812A-1B1F-4A85-909E-CAAC1E7EAB5F}.Release|Any CPU.Build.0 = Release|Any CPU
		{2F0268AC-6886-4E08-A645-834D37CC5BB6}.Debug|Any CPU.ActiveCfg = Debug|Any CPU
		{2F0268AC-6886-4E08-A645-834D37CC5BB6}.Debug|Any CPU.Build.0 = Debug|Any CPU
		{2F0268AC-6886-4E08-A645-834D37CC5BB6}.Release|Any CPU.ActiveCfg = Release|Any CPU
		{2F0268AC-6886-4E08-A645-834D37CC5BB6}.Release|Any CPU.Build.0 = Release|Any CPU
	EndGlobalSection
	GlobalSection(SolutionProperties) = preSolution
		HideSolutionNode = FALSE
	EndGlobalSection
	GlobalSection(ExtensibilityGlobals) = postSolution
		RESX_NeutralResourcesLanguage = de-DE
	EndGlobalSection
EndGlobal
